{
  "name": "test",
  "version": "1.0.0",
  "lockfileVersion": 2,
  "requires": true,
  "packages": {
    "": {
      "name": "test",
      "version": "1.0.0",
      "license": "ISC",
      "dependencies": {
        "badmath": "^1.0.1",
        "math": "^0.0.3",
        "sentiment": "^5.0.2"
      }
    },
    "node_modules/badmath": {
      "version": "1.0.1",
      "resolved": "https://registry.npmjs.org/badmath/-/badmath-1.0.1.tgz",
      "integrity": "sha512-ATOBZGXXerApNHdYcBn1K5kJCzFmCYmjRdiM2gtc+k/dEoduJsM60HF24p7Y3O4Q0G0tC1dFkc84t+aKnP+Hmg=="
    },
    "node_modules/math": {
      "version": "0.0.3",
      "resolved": "https://registry.npmjs.org/math/-/math-0.0.3.tgz",
      "integrity": "sha512-xyNJxsEwpYBabFmCgwg7TFRljf5oGgV2h1TqP0H9RnykScaSKgoVlBaEz+Gov8NOdxFagoTzRg1aEBfayi8qQQ==",
      "engines": {
        "node": "> 0.0.0"
      }
    },
    "node_modules/sentiment": {
      "version": "5.0.2",
      "resolved": "https://registry.npmjs.org/sentiment/-/sentiment-5.0.2.tgz",
      "integrity": "sha512-ZeC3y0JsOYTdwujt5uOd7ILJNilbgFzUtg/LEG4wUv43LayFNLZ28ec8+Su+h3saHlJmIwYxBzfDHHZuiMA15g==",
      "engines": {
        "node": ">=8.0"
      }
    }
  },
  "dependencies": {
    "badmath": {
      "version": "1.0.1",
      "resolved": "https://registry.npmjs.org/badmath/-/badmath-1.0.1.tgz",
      "integrity": "sha512-ATOBZGXXerApNHdYcBn1K5kJCzFmCYmjRdiM2gtc+k/dEoduJsM60HF24p7Y3O4Q0G0tC1dFkc84t+aKnP+Hmg=="
    },
    "math": {
      "version": "0.0.3",
      "resolved": "https://registry.npmjs.org/math/-/math-0.0.3.tgz",
      "integrity": "sha512-xyNJxsEwpYBabFmCgwg7TFRljf5oGgV2h1TqP0H9RnykScaSKgoVlBaEz+Gov8NOdxFagoTzRg1aEBfayi8qQQ=="
    },
    "sentiment": {
      "version": "5.0.2",
      "resolved": "https://registry.npmjs.org/sentiment/-/sentiment-5.0.2.tgz",
      "integrity": "sha512-ZeC3y0JsOYTdwujt5uOd7ILJNilbgFzUtg/LEG4wUv43LayFNLZ28ec8+Su+h3saHlJmIwYxBzfDHHZuiMA15g=="
    }
  }
}
